
Microsoft Visual Studio Solution File, Format Version 12.00
# Visual Studio 14
VisualStudioVersion = 14.0.24720.0
MinimumVisualStudioVersion = 10.0.40219.1
Project("{FAE04EC0-301F-11D3-BF4B-00C04F79EFBC}") = "List", "List\List.csproj", "{94876547-6AF9-4BB1-BBD3-08B315808895}"
EndProject
Project("{FAE04EC0-301F-11D3-BF4B-00C04F79EFBC}") = "Brackets", "Brackets\Brackets.csproj", "{FCA9E7EF-32B4-488C-B008-72253210D42B}"
EndProject
Project("{FAE04EC0-301F-11D3-BF4B-00C04F79EFBC}") = "Sort", "Sort\Sort.csproj", "{BD96BBBF-3F7B-48D6-9355-17D8857AA150}"
EndProject
Project("{FAE04EC0-301F-11D3-BF4B-00C04F79EFBC}") = "Shell", "Shell\Shell.csproj", "{29DCAFC2-F1A8-4123-BBA3-7008B74AE4AA}"
EndProject
Project("{FAE04EC0-301F-11D3-BF4B-00C04F79EFBC}") = "AVL", "AVL\AVL.csproj", "{D4218B67-C250-411D-B6E5-BFD0996CCC78}"
EndProject
Project("{FAE04EC0-301F-11D3-BF4B-00C04F79EFBC}") = "FireInForest", "FireInForest\FireInForest.csproj", "{EE9C9632-0A8E-41BF-B188-FFC8719ADF12}"
EndProject
Project("{FAE04EC0-301F-11D3-BF4B-00C04F79EFBC}") = "ShortestPlaneWay", "ShortestPlaneWay\ShortestPlaneWay.csproj", "{79FF47C4-951B-455E-951D-251EA2DCA136}"
EndProject
Project("{FAE04EC0-301F-11D3-BF4B-00C04F79EFBC}") = "Path", "Graph\Path.csproj", "{9081AE0D-FE5D-417F-86EF-36CDDEA1F6DD}"
EndProject
Project("{FAE04EC0-301F-11D3-BF4B-00C04F79EFBC}") = "RelocatedStr", "RelocatedStr\RelocatedStr.csproj", "{7CA4EAAB-5BB7-4E78-9DD1-8424198C728F}"
EndProject
Global
	GlobalSection(SolutionConfigurationPlatforms) = preSolution
		Debug|Any CPU = Debug|Any CPU
		Release|Any CPU = Release|Any CPU
	EndGlobalSection
	GlobalSection(ProjectConfigurationPlatforms) = postSolution
		{94876547-6AF9-4BB1-BBD3-08B315808895}.Debug|Any CPU.ActiveCfg = Debug|Any CPU
		{94876547-6AF9-4BB1-BBD3-08B315808895}.Debug|Any CPU.Build.0 = Debug|Any CPU
		{94876547-6AF9-4BB1-BBD3-08B315808895}.Release|Any CPU.ActiveCfg = Release|Any CPU
		{94876547-6AF9-4BB1-BBD3-08B315808895}.Release|Any CPU.Build.0 = Release|Any CPU
		{FCA9E7EF-32B4-488C-B008-72253210D42B}.Debug|Any CPU.ActiveCfg = Debug|Any CPU
		{FCA9E7EF-32B4-488C-B008-72253210D42B}.Debug|Any CPU.Build.0 = Debug|Any CPU
		{FCA9E7EF-32B4-488C-B008-72253210D42B}.Release|Any CPU.ActiveCfg = Release|Any CPU
		{FCA9E7EF-32B4-488C-B008-72253210D42B}.Release|Any CPU.Build.0 = Release|Any CPU
		{BD96BBBF-3F7B-48D6-9355-17D8857AA150}.Debug|Any CPU.ActiveCfg = Debug|Any CPU
		{BD96BBBF-3F7B-48D6-9355-17D8857AA150}.Debug|Any CPU.Build.0 = Debug|Any CPU
		{BD96BBBF-3F7B-48D6-9355-17D8857AA150}.Release|Any CPU.ActiveCfg = Release|Any CPU
		{BD96BBBF-3F7B-48D6-9355-17D8857AA150}.Release|Any CPU.Build.0 = Release|Any CPU
		{29DCAFC2-F1A8-4123-BBA3-7008B74AE4AA}.Debug|Any CPU.ActiveCfg = Debug|Any CPU
		{29DCAFC2-F1A8-4123-BBA3-7008B74AE4AA}.Debug|Any CPU.Build.0 = Debug|Any CPU
		{29DCAFC2-F1A8-4123-BBA3-7008B74AE4AA}.Release|Any CPU.ActiveCfg = Release|Any CPU
		{29DCAFC2-F1A8-4123-BBA3-7008B74AE4AA}.Release|Any CPU.Build.0 = Release|Any CPU
		{D4218B67-C250-411D-B6E5-BFD0996CCC78}.Debug|Any CPU.ActiveCfg = Debug|Any CPU
		{D4218B67-C250-411D-B6E5-BFD0996CCC78}.Debug|Any CPU.Build.0 = Debug|Any CPU
		{D4218B67-C250-411D-B6E5-BFD0996CCC78}.Release|Any CPU.ActiveCfg = Release|Any CPU
		{D4218B67-C250-411D-B6E5-BFD0996CCC78}.Release|Any CPU.Build.0 = Release|Any CPU
		{EE9C9632-0A8E-41BF-B188-FFC8719ADF12}.Debug|Any CPU.ActiveCfg = Debug|Any CPU
		{EE9C9632-0A8E-41BF-B188-FFC8719ADF12}.Debug|Any CPU.Build.0 = Debug|Any CPU
		{EE9C9632-0A8E-41BF-B188-FFC8719ADF12}.Release|Any CPU.ActiveCfg = Release|Any CPU
		{EE9C9632-0A8E-41BF-B188-FFC8719ADF12}.Release|Any CPU.Build.0 = Release|Any CPU
		{79FF47C4-951B-455E-951D-251EA2DCA136}.Debug|Any CPU.ActiveCfg = Debug|Any CPU
		{79FF47C4-951B-455E-951D-251EA2DCA136}.Debug|Any CPU.Build.0 = Debug|Any CPU
		{79FF47C4-951B-455E-951D-251EA2DCA136}.Release|Any CPU.ActiveCfg = Release|Any CPU
		{79FF47C4-951B-455E-951D-251EA2DCA136}.Release|Any CPU.Build.0 = Release|Any CPU
		{9081AE0D-FE5D-417F-86EF-36CDDEA1F6DD}.Debug|Any CPU.ActiveCfg = Debug|Any CPU
		{9081AE0D-FE5D-417F-86EF-36CDDEA1F6DD}.Debug|Any CPU.Build.0 = Debug|Any CPU
		{9081AE0D-FE5D-417F-86EF-36CDDEA1F6DD}.Release|Any CPU.ActiveCfg = Release|Any CPU
		{9081AE0D-FE5D-417F-86EF-36CDDEA1F6DD}.Release|Any CPU.Build.0 = Release|Any CPU
		{7CA4EAAB-5BB7-4E78-9DD1-8424198C728F}.Debug|Any CPU.ActiveCfg = Debug|Any CPU
		{7CA4EAAB-5BB7-4E78-9DD1-8424198C728F}.Debug|Any CPU.Build.0 = Debug|Any CPU
		{7CA4EAAB-5BB7-4E78-9DD1-8424198C728F}.Release|Any CPU.ActiveCfg = Release|Any CPU
		{7CA4EAAB-5BB7-4E78-9DD1-8424198C728F}.Release|Any CPU.Build.0 = Release|Any CPU
	EndGlobalSection
	GlobalSection(SolutionProperties) = preSolution
		HideSolutionNode = FALSE
	EndGlobalSection
EndGlobal
